
Microsoft Visual Studio Solution File, Format Version 12.00
Project("{FAE04EC0-301F-11D3-BF4B-00C04F79EFBC}") = "StudyBlog", "StudyBlog\StudyBlog.csproj", "{586E3569-FF54-4F42-A386-7DCC6B96F446}"
EndProject
Project("{FAE04EC0-301F-11D3-BF4B-00C04F79EFBC}") = "StudyBlogUITests", "StudyBlogUITests\StudyBlogUITests.csproj", "{398F93D6-E6D3-49EA-A211-915A36BC808A}"
EndProject
Global
	GlobalSection(SolutionConfigurationPlatforms) = preSolution
		Debug|Any CPU = Debug|Any CPU
		Release|Any CPU = Release|Any CPU
	EndGlobalSection
	GlobalSection(ProjectConfigurationPlatforms) = postSolution
		{586E3569-FF54-4F42-A386-7DCC6B96F446}.Debug|Any CPU.ActiveCfg = Debug|Any CPU
		{586E3569-FF54-4F42-A386-7DCC6B96F446}.Debug|Any CPU.Build.0 = Debug|Any CPU
		{586E3569-FF54-4F42-A386-7DCC6B96F446}.Release|Any CPU.ActiveCfg = Release|Any CPU
		{586E3569-FF54-4F42-A386-7DCC6B96F446}.Release|Any CPU.Build.0 = Release|Any CPU
		{398F93D6-E6D3-49EA-A211-915A36BC808A}.Debug|Any CPU.ActiveCfg = Debug|Any CPU
		{398F93D6-E6D3-49EA-A211-915A36BC808A}.Debug|Any CPU.Build.0 = Debug|Any CPU
		{398F93D6-E6D3-49EA-A211-915A36BC808A}.Release|Any CPU.ActiveCfg = Release|Any CPU
		{398F93D6-E6D3-49EA-A211-915A36BC808A}.Release|Any CPU.Build.0 = Release|Any CPU
	EndGlobalSection
EndGlobal
